
Microsoft Visual Studio Solution File, Format Version 12.00
# Visual Studio Version 17
VisualStudioVersion = 17.5.002.0
MinimumVisualStudioVersion = 10.0.40219.1
Project("{9A19103F-16F7-4668-BE54-9A1E7A4F7556}") = "Minesweeper", "Minesweeper.csproj", "{DD749471-0061-40C8-8D48-11574FBF8094}"
EndProject
Global
	GlobalSection(SolutionConfigurationPlatforms) = preSolution
		Debug|Any CPU = Debug|Any CPU
		Release|Any CPU = Release|Any CPU
	EndGlobalSection
	GlobalSection(ProjectConfigurationPlatforms) = postSolution
		{DD749471-0061-40C8-8D48-11574FBF8094}.Debug|Any CPU.ActiveCfg = Debug|Any CPU
		{DD749471-0061-40C8-8D48-11574FBF8094}.Debug|Any CPU.Build.0 = Debug|Any CPU
		{DD749471-0061-40C8-8D48-11574FBF8094}.Release|Any CPU.ActiveCfg = Release|Any CPU
		{DD749471-0061-40C8-8D48-11574FBF8094}.Release|Any CPU.Build.0 = Release|Any CPU
	EndGlobalSection
	GlobalSection(SolutionProperties) = preSolution
		HideSolutionNode = FALSE
	EndGlobalSection
	GlobalSection(ExtensibilityGlobals) = postSolution
		SolutionGuid = {73809D63-E707-4A7B-9B0D-B14D3D32F160}
	EndGlobalSection
EndGlobal
